
Microsoft Visual Studio Solution File, Format Version 12.00
# Visual Studio Version 17
VisualStudioVersion = 17.9.34902.65
MinimumVisualStudioVersion = 10.0.40219.1
Project("{FAE04EC0-301F-11D3-BF4B-00C04F79EFBC}") = "LocalPushNotification", "LocalPushNotification\LocalPushNotification.csproj", "{F6A81A88-C3F3-4B85-86A9-9041605CDB2A}"
EndProject
Global
	GlobalSection(SolutionConfigurationPlatforms) = preSolution
		Debug|Any CPU = Debug|Any CPU
		Release|Any CPU = Release|Any CPU
	EndGlobalSection
	GlobalSection(ProjectConfigurationPlatforms) = postSolution
		{F6A81A88-C3F3-4B85-86A9-9041605CDB2A}.Debug|Any CPU.ActiveCfg = Debug|Any CPU
		{F6A81A88-C3F3-4B85-86A9-9041605CDB2A}.Debug|Any CPU.Build.0 = Debug|Any CPU
		{F6A81A88-C3F3-4B85-86A9-9041605CDB2A}.Debug|Any CPU.Deploy.0 = Debug|Any CPU
		{F6A81A88-C3F3-4B85-86A9-9041605CDB2A}.Release|Any CPU.ActiveCfg = Release|Any CPU
		{F6A81A88-C3F3-4B85-86A9-9041605CDB2A}.Release|Any CPU.Build.0 = Release|Any CPU
		{F6A81A88-C3F3-4B85-86A9-9041605CDB2A}.Release|Any CPU.Deploy.0 = Release|Any CPU
	EndGlobalSection
	GlobalSection(SolutionProperties) = preSolution
		HideSolutionNode = FALSE
	EndGlobalSection
	GlobalSection(ExtensibilityGlobals) = postSolution
		SolutionGuid = {A887F9C5-AE14-4873-B07E-42C24C12BD53}
	EndGlobalSection
EndGlobal
